<?xml version="1.0" encoding="utf-8"?>
<Project ToolsVersion="4.0" xmlns="http://schemas.microsoft.com/developer/msbuild/2003">
  <ItemGroup>
    <Filter Include="리소스 파일">
      <UniqueIdentifier>{67DA6AB6-F800-4c08-8B7A-83BB121AAD01}</UniqueIdentifier>
      <Extensions>rc;ico;cur;bmp;dlg;rc2;rct;bin;rgs;gif;jpg;jpeg;jpe;resx;tiff;tif;png;wav;mfcribbon-ms</Extensions>
    </Filter>
    <Filter Include="필기">
      <UniqueIdentifier>{a24d8213-c133-43c6-b780-a12e0cf31ccb}</UniqueIdentifier>
    </Filter>
    <Filter Include="결과화면">
      <UniqueIdentifier>{ad2dab57-eb19-4139-8dd3-c4655c59361a}</UniqueIdentifier>
    </Filter>
    <Filter Include="Main">
      <UniqueIdentifier>{bf9baab2-b322-41e2-b090-3811549c7c81}</UniqueIdentifier>
    </Filter>
    <Filter Include="GAME">
      <UniqueIdentifier>{c253d0a4-d162-47d5-9bd4-e9aa38eab129}</UniqueIdentifier>
    </Filter>
    <Filter Include="GAME\01. Header">
      <UniqueIdentifier>{ad8484f2-d151-4108-9dfb-df6e77097634}</UniqueIdentifier>
    </Filter>
    <Filter Include="GAME\02. Core">
      <UniqueIdentifier>{bd0e5263-d01c-4cf0-90b5-b9bc3ea9c74f}</UniqueIdentifier>
    </Filter>
    <Filter Include="GAME\03. Manager">
      <UniqueIdentifier>{33df0889-81ee-4aaa-9238-9e982040ab57}</UniqueIdentifier>
    </Filter>
    <Filter Include="GAME\03. Manager\TimeMgr">
      <UniqueIdentifier>{7a3d8b21-71c5-489e-99ce-d3f35ffa2f9f}</UniqueIdentifier>
    </Filter>
    <Filter Include="GAME\04. Object">
      <UniqueIdentifier>{f64bff04-4b62-4b0a-972a-bb77dc1257b9}</UniqueIdentifier>
    </Filter>
    <Filter Include="GAME\03. Manager\KeyMgr">
      <UniqueIdentifier>{4e2125a6-e585-4536-9487-e8902080d654}</UniqueIdentifier>
    </Filter>
    <Filter Include="GAME\06. Resource">
      <UniqueIdentifier>{dedba650-bc07-4ced-8ccf-cc377fbfe7df}</UniqueIdentifier>
    </Filter>
    <Filter Include="GAME\07. Stage">
      <UniqueIdentifier>{b9ed8d26-12a0-425d-bca5-176a24bfaa55}</UniqueIdentifier>
    </Filter>
    <Filter Include="GAME\05. Component">
      <UniqueIdentifier>{87892819-8f27-4994-ba11-1568368c6406}</UniqueIdentifier>
    </Filter>
    <Filter Include="GAME\03. Manager\StageMgr">
      <UniqueIdentifier>{57091f66-1b29-40b9-baf2-482b8eda33ae}</UniqueIdentifier>
    </Filter>
    <Filter Include="GAME\07. Stage\Start">
      <UniqueIdentifier>{dfed5261-a216-43c2-93c9-b75a7ca4fd52}</UniqueIdentifier>
    </Filter>
    <Filter Include="GAME\06. Resource\Texture">
      <UniqueIdentifier>{d4494569-1050-46b6-baa8-485e6c58065d}</UniqueIdentifier>
    </Filter>
    <Filter Include="GAME\06. Resource\Sound">
      <UniqueIdentifier>{3d43a2af-1422-40a5-8d75-0142e80d3b34}</UniqueIdentifier>
    </Filter>
    <Filter Include="GAME\03. Manager\ResMgr">
      <UniqueIdentifier>{008e48ee-a452-4bad-b7a6-bacdedaf0639}</UniqueIdentifier>
    </Filter>
    <Filter Include="GAME\03. Manager\PathMgr">
      <UniqueIdentifier>{156ae386-f613-4b59-aef1-109ed8be497a}</UniqueIdentifier>
    </Filter>
    <Filter Include="GAME\03. Manager\EventMgr">
      <UniqueIdentifier>{4b42961d-df63-4e48-a175-3f85d29d5f6f}</UniqueIdentifier>
    </Filter>
    <Filter Include="GAME\05. Component\5-01. Collider">
      <UniqueIdentifier>{2c7ba3f3-49f2-4df6-af18-2954c28dc8d4}</UniqueIdentifier>
    </Filter>
    <Filter Include="GAME\05. Component\5-02. Animatior">
      <UniqueIdentifier>{da9a8205-4859-4ced-a508-ca3939be9b7d}</UniqueIdentifier>
    </Filter>
    <Filter Include="GAME\05. Component\5-03. AI">
      <UniqueIdentifier>{c06fb1d5-8a94-4cad-b3dc-a233bd85a09d}</UniqueIdentifier>
    </Filter>
    <Filter Include="GAME\03. Manager\CollisionMgr">
      <UniqueIdentifier>{28c284b4-248d-45fa-a75c-d6f4521e7195}</UniqueIdentifier>
    </Filter>
    <Filter Include="GAME\03. Manager\Camera">
      <UniqueIdentifier>{54a7d79d-308c-4c57-8f03-792932b4ddc8}</UniqueIdentifier>
    </Filter>
    <Filter Include="GAME\05. Component\5-02. Animatior\Animation">
      <UniqueIdentifier>{9e79e330-7e5f-4622-be81-e742c45892bf}</UniqueIdentifier>
    </Filter>
    <Filter Include="GAME\07. Stage\Tool">
      <UniqueIdentifier>{a586fea6-7031-4266-bdd4-6d376f84b5c8}</UniqueIdentifier>
    </Filter>
    <Filter Include="GAME\07. Stage\Puzzle">
      <UniqueIdentifier>{98bebdd4-0cf4-47fd-90f3-1cb20f3b7742}</UniqueIdentifier>
    </Filter>
    <Filter Include="GAME\04. Object\BackGround">
      <UniqueIdentifier>{e6cdfe8a-0046-463b-9c37-552dce1a1669}</UniqueIdentifier>
    </Filter>
    <Filter Include="GAME\04. Object\TileMap">
      <UniqueIdentifier>{fdb70ce9-9ead-469b-9576-e370e23fbe33}</UniqueIdentifier>
    </Filter>
    <Filter Include="GAME\04. Object\TileMap\Tile">
      <UniqueIdentifier>{0fc49134-b8e2-4d9f-bf3b-55a5d4733e30}</UniqueIdentifier>
    </Filter>
    <Filter Include="GAME\04. Object\Hero">
      <UniqueIdentifier>{5732b87f-4aa8-4216-9704-99ee335b44d4}</UniqueIdentifier>
    </Filter>
    <Filter Include="GAME\04. Object\NPC">
      <UniqueIdentifier>{9007d194-aa5b-4b97-8d76-b1354d0230d8}</UniqueIdentifier>
    </Filter>
    <Filter Include="GAME\04. Object\Transition">
      <UniqueIdentifier>{12a2434f-ab6f-4a8f-a0c7-0a1fc1a2ccd6}</UniqueIdentifier>
    </Filter>
    <Filter Include="GAME\04. Object\Obstacle">
      <UniqueIdentifier>{cbc48b78-2aab-49ae-88b3-6b06e9b8654f}</UniqueIdentifier>
    </Filter>
    <Filter Include="GAME\04. Object\Obstacle\Rock">
      <UniqueIdentifier>{d3bba5e8-dbad-4401-b6c0-d721f023ea68}</UniqueIdentifier>
    </Filter>
    <Filter Include="GAME\04. Object\Obstacle\Undead">
      <UniqueIdentifier>{6f11e3a2-e4b2-4f12-af39-6989fa48846f}</UniqueIdentifier>
    </Filter>
    <Filter Include="GAME\04. Object\Obstacle\Spike">
      <UniqueIdentifier>{8770595e-5fac-4f90-bc27-edf834fbd24a}</UniqueIdentifier>
    </Filter>
    <Filter Include="GAME\04. Object\UI">
      <UniqueIdentifier>{f13710c5-56f0-4e5e-bed1-e6f870f4ec28}</UniqueIdentifier>
    </Filter>
    <Filter Include="GAME\04. Object\Obstacle\Key">
      <UniqueIdentifier>{3c58568a-9549-4997-89f9-e97227cb5a08}</UniqueIdentifier>
    </Filter>
    <Filter Include="GAME\04. Object\Obstacle\LockBox">
      <UniqueIdentifier>{e245877e-f507-4a57-a9a0-1581baf8f47d}</UniqueIdentifier>
    </Filter>
    <Filter Include="GAME\04. Object\Effect">
      <UniqueIdentifier>{a9674ee2-f0a4-4aff-8c54-c9e4093dde30}</UniqueIdentifier>
    </Filter>
  </ItemGroup>
  <ItemGroup>
    <ClInclude Include="framework.h">
      <Filter>Main</Filter>
    </ClInclude>
    <ClInclude Include="Resource.h">
      <Filter>Main</Filter>
    </ClInclude>
    <ClInclude Include="targetver.h">
      <Filter>Main</Filter>
    </ClInclude>
    <ClInclude Include="MyGameEngine.h">
      <Filter>Main</Filter>
    </ClInclude>
    <ClInclude Include="CCore.h">
      <Filter>GAME\02. Core</Filter>
    </ClInclude>
    <ClInclude Include="define.h">
      <Filter>GAME\01. Header</Filter>
    </ClInclude>
    <ClInclude Include="CTimeMgr.h">
      <Filter>GAME\03. Manager\TimeMgr</Filter>
    </ClInclude>
    <ClInclude Include="struct.h">
      <Filter>GAME\01. Header</Filter>
    </ClInclude>
    <ClInclude Include="CKeyMgr.h">
      <Filter>GAME\03. Manager\KeyMgr</Filter>
    </ClInclude>
    <ClInclude Include="pch.h">
      <Filter>Main</Filter>
    </ClInclude>
    <ClInclude Include="CObj.h">
      <Filter>GAME\04. Object</Filter>
    </ClInclude>
    <ClInclude Include="CStageMgr.h">
      <Filter>GAME\03. Manager\StageMgr</Filter>
    </ClInclude>
    <ClInclude Include="CStage_Start.h">
      <Filter>GAME\07. Stage\Start</Filter>
    </ClInclude>
    <ClInclude Include="CStage.h">
      <Filter>GAME\07. Stage</Filter>
    </ClInclude>
    <ClInclude Include="CResource.h">
      <Filter>GAME\06. Resource</Filter>
    </ClInclude>
    <ClInclude Include="CTexture.h">
      <Filter>GAME\06. Resource\Texture</Filter>
    </ClInclude>
    <ClInclude Include="CResMgr.h">
      <Filter>GAME\03. Manager\ResMgr</Filter>
    </ClInclude>
    <ClInclude Include="CPathMgr.h">
      <Filter>GAME\03. Manager\PathMgr</Filter>
    </ClInclude>
    <ClInclude Include="CEventMgr.h">
      <Filter>GAME\03. Manager\EventMgr</Filter>
    </ClInclude>
    <ClInclude Include="func.h">
      <Filter>GAME\01. Header</Filter>
    </ClInclude>
    <ClInclude Include="CComponent.h">
      <Filter>GAME\05. Component</Filter>
    </ClInclude>
    <ClInclude Include="CCollider.h">
      <Filter>GAME\05. Component\5-01. Collider</Filter>
    </ClInclude>
    <ClInclude Include="CAnimator.h">
      <Filter>GAME\05. Component\5-02. Animatior</Filter>
    </ClInclude>
    <ClInclude Include="CFSM.h">
      <Filter>GAME\05. Component\5-03. AI</Filter>
    </ClInclude>
    <ClInclude Include="CCollisionMgr.h">
      <Filter>GAME\03. Manager\CollisionMgr</Filter>
    </ClInclude>
    <ClInclude Include="CCamera.h">
      <Filter>GAME\03. Manager\Camera</Filter>
    </ClInclude>
    <ClInclude Include="CAnimation.h">
      <Filter>GAME\05. Component\5-02. Animatior\Animation</Filter>
    </ClInclude>
    <ClInclude Include="CStage_Tool.h">
      <Filter>GAME\07. Stage\Tool</Filter>
    </ClInclude>
    <ClInclude Include="CTile.h">
      <Filter>GAME\04. Object\TileMap\Tile</Filter>
    </ClInclude>
    <ClInclude Include="CStage_Puzzle.h">
      <Filter>GAME\07. Stage\Puzzle</Filter>
    </ClInclude>
    <ClInclude Include="CBackGround.h">
      <Filter>GAME\04. Object\BackGround</Filter>
    </ClInclude>
    <ClInclude Include="CTileMap.h">
      <Filter>GAME\04. Object\TileMap</Filter>
    </ClInclude>
    <ClInclude Include="CHero.h">
      <Filter>GAME\04. Object\Hero</Filter>
    </ClInclude>
    <ClInclude Include="CNPC.h">
      <Filter>GAME\04. Object\NPC</Filter>
    </ClInclude>
    <ClInclude Include="CTransition.h">
      <Filter>GAME\04. Object\Transition</Filter>
    </ClInclude>
    <ClInclude Include="CUI_Counter.h">
      <Filter>GAME\04. Object\UI</Filter>
    </ClInclude>
    <ClInclude Include="CObstacle.h">
      <Filter>GAME\04. Object\Obstacle</Filter>
    </ClInclude>
    <ClInclude Include="CRock.h">
      <Filter>GAME\04. Object\Obstacle\Rock</Filter>
    </ClInclude>
    <ClInclude Include="CDynamic_Spike.h">
      <Filter>GAME\04. Object\Obstacle\Spike</Filter>
    </ClInclude>
    <ClInclude Include="CStatic_Spike.h">
      <Filter>GAME\04. Object\Obstacle\Spike</Filter>
    </ClInclude>
    <ClInclude Include="CUndead.h">
      <Filter>GAME\04. Object\Obstacle\Undead</Filter>
    </ClInclude>
    <ClInclude Include="CKey.h">
      <Filter>GAME\04. Object\Obstacle\Key</Filter>
    </ClInclude>
    <ClInclude Include="CLockBox.h">
      <Filter>GAME\04. Object\Obstacle\LockBox</Filter>
    </ClInclude>
    <ClInclude Include="CEffect.h">
      <Filter>GAME\04. Object\Effect</Filter>
    </ClInclude>
  </ItemGroup>
  <ItemGroup>
    <ResourceCompile Include="MyGameEngine.rc">
      <Filter>리소스 파일</Filter>
    </ResourceCompile>
  </ItemGroup>
  <ItemGroup>
    <Image Include="small.ico">
      <Filter>리소스 파일</Filter>
    </Image>
    <Image Include="MyGameEngine.ico">
      <Filter>리소스 파일</Filter>
    </Image>
    <Image Include="icon1.ico">
      <Filter>리소스 파일</Filter>
    </Image>
    <Image Include="OutputFile\bin\content\icon\helltaker.ico">
      <Filter>리소스 파일</Filter>
    </Image>
  </ItemGroup>
  <ItemGroup>
    <Text Include="winAPI_main_해설.txt">
      <Filter>필기</Filter>
    </Text>
  </ItemGroup>
  <ItemGroup>
    <ClCompile Include="MyGameEngine.cpp">
      <Filter>Main</Filter>
    </ClCompile>
    <ClCompile Include="CCore.cpp">
      <Filter>GAME\02. Core</Filter>
    </ClCompile>
    <ClCompile Include="CTimeMgr.cpp">
      <Filter>GAME\03. Manager\TimeMgr</Filter>
    </ClCompile>
    <ClCompile Include="CKeyMgr.cpp">
      <Filter>GAME\03. Manager\KeyMgr</Filter>
    </ClCompile>
    <ClCompile Include="CObj.cpp">
      <Filter>GAME\04. Object</Filter>
    </ClCompile>
    <ClCompile Include="CStageMgr.cpp">
      <Filter>GAME\03. Manager\StageMgr</Filter>
    </ClCompile>
    <ClCompile Include="CStage_Start.cpp">
      <Filter>GAME\07. Stage\Start</Filter>
    </ClCompile>
    <ClCompile Include="CStage.cpp">
      <Filter>GAME\07. Stage</Filter>
    </ClCompile>
    <ClCompile Include="CResource.cpp">
      <Filter>GAME\06. Resource</Filter>
    </ClCompile>
    <ClCompile Include="CTexture.cpp">
      <Filter>GAME\06. Resource\Texture</Filter>
    </ClCompile>
    <ClCompile Include="CResMgr.cpp">
      <Filter>GAME\03. Manager\ResMgr</Filter>
    </ClCompile>
    <ClCompile Include="CPathMgr.cpp">
      <Filter>GAME\03. Manager\PathMgr</Filter>
    </ClCompile>
    <ClCompile Include="CEventMgr.cpp">
      <Filter>GAME\03. Manager\EventMgr</Filter>
    </ClCompile>
    <ClCompile Include="func.cpp">
      <Filter>GAME\01. Header</Filter>
    </ClCompile>
    <ClCompile Include="CComponent.cpp">
      <Filter>GAME\05. Component</Filter>
    </ClCompile>
    <ClCompile Include="CCollider.cpp">
      <Filter>GAME\05. Component\5-01. Collider</Filter>
    </ClCompile>
    <ClCompile Include="CAnimator.cpp">
      <Filter>GAME\05. Component\5-02. Animatior</Filter>
    </ClCompile>
    <ClCompile Include="CFSM.cpp">
      <Filter>GAME\05. Component\5-03. AI</Filter>
    </ClCompile>
    <ClCompile Include="CCollisionMgr.cpp">
      <Filter>GAME\03. Manager\CollisionMgr</Filter>
    </ClCompile>
    <ClCompile Include="CCamera.cpp">
      <Filter>GAME\03. Manager\Camera</Filter>
    </ClCompile>
    <ClCompile Include="CAnimation.cpp">
      <Filter>GAME\05. Component\5-02. Animatior\Animation</Filter>
    </ClCompile>
    <ClCompile Include="pch.cpp">
      <Filter>Main</Filter>
    </ClCompile>
    <ClCompile Include="CStage_Tool.cpp">
      <Filter>GAME\07. Stage\Tool</Filter>
    </ClCompile>
    <ClCompile Include="CTile.cpp">
      <Filter>GAME\04. Object\TileMap\Tile</Filter>
    </ClCompile>
    <ClCompile Include="CStage_Puzzle.cpp">
      <Filter>GAME\07. Stage\Puzzle</Filter>
    </ClCompile>
    <ClCompile Include="CBackGround.cpp">
      <Filter>GAME\04. Object\BackGround</Filter>
    </ClCompile>
    <ClCompile Include="CTileMap.cpp">
      <Filter>GAME\04. Object\TileMap</Filter>
    </ClCompile>
    <ClCompile Include="CHero.cpp">
      <Filter>GAME\04. Object\Hero</Filter>
    </ClCompile>
    <ClCompile Include="CNPC.cpp">
      <Filter>GAME\04. Object\NPC</Filter>
    </ClCompile>
    <ClCompile Include="CTransition.cpp">
      <Filter>GAME\04. Object\Transition</Filter>
    </ClCompile>
    <ClCompile Include="CUI_Counter.cpp">
      <Filter>GAME\04. Object\UI</Filter>
    </ClCompile>
    <ClCompile Include="CObstacle.cpp">
      <Filter>GAME\04. Object\Obstacle</Filter>
    </ClCompile>
    <ClCompile Include="CRock.cpp">
      <Filter>GAME\04. Object\Obstacle\Rock</Filter>
    </ClCompile>
    <ClCompile Include="CDynamic_Spike.cpp">
      <Filter>GAME\04. Object\Obstacle\Spike</Filter>
    </ClCompile>
    <ClCompile Include="CStatic_Spike.cpp">
      <Filter>GAME\04. Object\Obstacle\Spike</Filter>
    </ClCompile>
    <ClCompile Include="CUndead.cpp">
      <Filter>GAME\04. Object\Obstacle\Undead</Filter>
    </ClCompile>
    <ClCompile Include="CKey.cpp">
      <Filter>GAME\04. Object\Obstacle\Key</Filter>
    </ClCompile>
    <ClCompile Include="CLockBox.cpp">
      <Filter>GAME\04. Object\Obstacle\LockBox</Filter>
    </ClCompile>
    <ClCompile Include="CEffect.cpp">
      <Filter>GAME\04. Object\Effect</Filter>
    </ClCompile>
  </ItemGroup>
</Project>