<?xml version="1.0" encoding="utf-8"?>
<Project ToolsVersion="4.0" xmlns="http://schemas.microsoft.com/developer/msbuild/2003">
  <ItemGroup>
    <Filter Include="리소스 파일">
      <UniqueIdentifier>{67DA6AB6-F800-4c08-8B7A-83BB121AAD01}</UniqueIdentifier>
      <Extensions>rc;ico;cur;bmp;dlg;rc2;rct;bin;rgs;gif;jpg;jpeg;jpe;resx;tiff;tif;png;wav;mfcribbon-ms</Extensions>
    </Filter>
    <Filter Include="필기">
      <UniqueIdentifier>{a24d8213-c133-43c6-b780-a12e0cf31ccb}</UniqueIdentifier>
    </Filter>
    <Filter Include="결과화면">
      <UniqueIdentifier>{ad2dab57-eb19-4139-8dd3-c4655c59361a}</UniqueIdentifier>
    </Filter>
    <Filter Include="Main">
      <UniqueIdentifier>{bf9baab2-b322-41e2-b090-3811549c7c81}</UniqueIdentifier>
    </Filter>
  </ItemGroup>
  <ItemGroup>
    <ClInclude Include="framework.h">
      <Filter>Main</Filter>
    </ClInclude>
    <ClInclude Include="Resource.h">
      <Filter>Main</Filter>
    </ClInclude>
    <ClInclude Include="targetver.h">
      <Filter>Main</Filter>
    </ClInclude>
    <ClInclude Include="WinAPIStudy.h">
      <Filter>Main</Filter>
    </ClInclude>
    <ClInclude Include="CPlayer.h" />
    <ClInclude Include="pch.h">
      <Filter>Main</Filter>
    </ClInclude>
  </ItemGroup>
  <ItemGroup>
    <ResourceCompile Include="WinAPIStudy.rc">
      <Filter>리소스 파일</Filter>
    </ResourceCompile>
  </ItemGroup>
  <ItemGroup>
    <Image Include="small.ico">
      <Filter>리소스 파일</Filter>
    </Image>
    <Image Include="WinAPIStudy.ico">
      <Filter>리소스 파일</Filter>
    </Image>
  </ItemGroup>
  <ItemGroup>
    <Text Include="winAPI_main_해설.txt">
      <Filter>필기</Filter>
    </Text>
  </ItemGroup>
  <ItemGroup>
    <ClCompile Include="WinAPIStudy.cpp">
      <Filter>Main</Filter>
    </ClCompile>
    <ClCompile Include="CPlayer.cpp" />
  </ItemGroup>
</Project>